
Microsoft Visual Studio Solution File, Format Version 12.00
# Visual Studio Version 17
VisualStudioVersion = 17.0.31903.59
MinimumVisualStudioVersion = 10.0.40219.1
Project("{2150E333-8FDC-42A3-9474-1A3956D46DE8}") = "src", "src", "{F5FB3D7A-9C0D-4566-AA59-116E8DC92BE9}"
EndProject
Project("{FAE04EC0-301F-11D3-BF4B-00C04F79EFBC}") = "Logs", "src\LogsApp\Logs.csproj", "{2FC6DDFB-C96E-4BD6-8908-03F5A4AEB80A}"
EndProject
Project("{FAE04EC0-301F-11D3-BF4B-00C04F79EFBC}") = "Logs.Test", "src\LogsApp.Test\Logs.Test.csproj", "{8135A6B2-5C98-470D-98E4-A71C16A2442F}"
EndProject
Global
	GlobalSection(SolutionConfigurationPlatforms) = preSolution
		Debug|Any CPU = Debug|Any CPU
		Release|Any CPU = Release|Any CPU
	EndGlobalSection
	GlobalSection(SolutionProperties) = preSolution
		HideSolutionNode = FALSE
	EndGlobalSection
	GlobalSection(ProjectConfigurationPlatforms) = postSolution
		{2FC6DDFB-C96E-4BD6-8908-03F5A4AEB80A}.Debug|Any CPU.ActiveCfg = Debug|Any CPU
		{2FC6DDFB-C96E-4BD6-8908-03F5A4AEB80A}.Debug|Any CPU.Build.0 = Debug|Any CPU
		{2FC6DDFB-C96E-4BD6-8908-03F5A4AEB80A}.Release|Any CPU.ActiveCfg = Release|Any CPU
		{2FC6DDFB-C96E-4BD6-8908-03F5A4AEB80A}.Release|Any CPU.Build.0 = Release|Any CPU
		{8135A6B2-5C98-470D-98E4-A71C16A2442F}.Debug|Any CPU.ActiveCfg = Debug|Any CPU
		{8135A6B2-5C98-470D-98E4-A71C16A2442F}.Debug|Any CPU.Build.0 = Debug|Any CPU
		{8135A6B2-5C98-470D-98E4-A71C16A2442F}.Release|Any CPU.ActiveCfg = Release|Any CPU
		{8135A6B2-5C98-470D-98E4-A71C16A2442F}.Release|Any CPU.Build.0 = Release|Any CPU
	EndGlobalSection
	GlobalSection(NestedProjects) = preSolution
		{2FC6DDFB-C96E-4BD6-8908-03F5A4AEB80A} = {F5FB3D7A-9C0D-4566-AA59-116E8DC92BE9}
		{8135A6B2-5C98-470D-98E4-A71C16A2442F} = {F5FB3D7A-9C0D-4566-AA59-116E8DC92BE9}
	EndGlobalSection
EndGlobal
